// !$*UTF8*$!
{
	archiveVersion = 1;
	classes = {
	};
	objectVersion = 46;
	objects = {

/* Begin PBXBuildFile section */
		A7CA687F1A644D31008E65D7 /* AppDelegate.swift in Sources */ = {isa = PBXBuildFile; fileRef = A7CA687E1A644D31008E65D7 /* AppDelegate.swift */; };
		A7CA68811A644D31008E65D7 /* ViewController.swift in Sources */ = {isa = PBXBuildFile; fileRef = A7CA68801A644D31008E65D7 /* ViewController.swift */; };
		A7CA68841A644D31008E65D7 /* Main.storyboard in Resources */ = {isa = PBXBuildFile; fileRef = A7CA68821A644D31008E65D7 /* Main.storyboard */; };
		A7CA68861A644D31008E65D7 /* Images.xcassets in Resources */ = {isa = PBXBuildFile; fileRef = A7CA68851A644D31008E65D7 /* Images.xcassets */; };
		A7CA68891A644D31008E65D7 /* LaunchScreen.xib in Resources */ = {isa = PBXBuildFile; fileRef = A7CA68871A644D31008E65D7 /* LaunchScreen.xib */; };
		A7CA68951A644D31008E65D7 /* This_is_ItTests.swift in Sources */ = {isa = PBXBuildFile; fileRef = A7CA68941A644D31008E65D7 /* This_is_ItTests.swift */; };
		A7CA689F1A644E08008E65D7 /* 3031477-nealadamsbatman.jpg in Resources */ = {isa = PBXBuildFile; fileRef = A7CA689E1A644E08008E65D7 /* 3031477-nealadamsbatman.jpg */; };
		A7CA68A11A644E0E008E65D7 /* The_Batman.jpg in Resources */ = {isa = PBXBuildFile; fileRef = A7CA68A01A644E0E008E65D7 /* The_Batman.jpg */; };
/* End PBXBuildFile section */

/* Begin PBXContainerItemProxy section */
		A7CA688F1A644D31008E65D7 /* PBXContainerItemProxy */ = {
			isa = PBXContainerItemProxy;
			containerPortal = A7CA68711A644D31008E65D7 /* Project object */;
			proxyType = 1;
			remoteGlobalIDString = A7CA68781A644D31008E65D7;
			remoteInfo = "This is It";
		};
/* End PBXContainerItemProxy section */

/* Begin PBXFileReference section */
		A7CA68791A644D31008E65D7 /* This is It.app */ = {isa = PBXFileReference; explicitFileType = wrapper.application; includeInIndex = 0; path = "This is It.app"; sourceTree = BUILT_PRODUCTS_DIR; };
		A7CA687D1A644D31008E65D7 /* Info.plist */ = {isa = PBXFileReference; lastKnownFileType = text.plist.xml; path = Info.plist; sourceTree = "<group>"; };
		A7CA687E1A644D31008E65D7 /* AppDelegate.swift */ = {isa = PBXFileReference; lastKnownFileType = sourcecode.swift; path = AppDelegate.swift; sourceTree = "<group>"; };
		A7CA68801A644D31008E65D7 /* ViewController.swift */ = {isa = PBXFileReference; lastKnownFileType = sourcecode.swift; path = ViewController.swift; sourceTree = "<group>"; };
		A7CA68831A644D31008E65D7 /* Base */ = {isa = PBXFileReference; lastKnownFileType = file.storyboard; name = Base; path = Base.lproj/Main.storyboard; sourceTree = "<group>"; };
		A7CA68851A644D31008E65D7 /* Images.xcassets */ = {isa = PBXFileReference; lastKnownFileType = folder.assetcatalog; path = Images.xcassets; sourceTree = "<group>"; };
		A7CA68881A644D31008E65D7 /* Base */ = {isa = PBXFileReference; lastKnownFileType = file.xib; name = Base; path = Base.lproj/LaunchScreen.xib; sourceTree = "<group>"; };
		A7CA688E1A644D31008E65D7 /* This is ItTests.xctest */ = {isa = PBXFileReference; explicitFileType = wrapper.cfbundle; includeInIndex = 0; path = "This is ItTests.xctest"; sourceTree = BUILT_PRODUCTS_DIR; };
		A7CA68931A644D31008E65D7 /* Info.plist */ = {isa = PBXFileReference; lastKnownFileType = text.plist.xml; path = Info.plist; sourceTree = "<group>"; };
		A7CA68941A644D31008E65D7 /* This_is_ItTests.swift */ = {isa = PBXFileReference; lastKnownFileType = sourcecode.swift; path = This_is_ItTests.swift; sourceTree = "<group>"; };
		A7CA689E1A644E08008E65D7 /* 3031477-nealadamsbatman.jpg */ = {isa = PBXFileReference; lastKnownFileType = image.jpeg; path = "3031477-nealadamsbatman.jpg"; sourceTree = "<group>"; };
		A7CA68A01A644E0E008E65D7 /* The_Batman.jpg */ = {isa = PBXFileReference; lastKnownFileType = image.jpeg; path = The_Batman.jpg; sourceTree = "<group>"; };
/* End PBXFileReference section */

/* Begin PBXFrameworksBuildPhase section */
		A7CA68761A644D31008E65D7 /* Frameworks */ = {
			isa = PBXFrameworksBuildPhase;
			buildActionMask = 2147483647;
			files = (
			);
			runOnlyForDeploymentPostprocessing = 0;
		};
		A7CA688B1A644D31008E65D7 /* Frameworks */ = {
			isa = PBXFrameworksBuildPhase;
			buildActionMask = 2147483647;
			files = (
			);
			runOnlyForDeploymentPostprocessing = 0;
		};
/* End PBXFrameworksBuildPhase section */

/* Begin PBXGroup section */
		A7CA68701A644D31008E65D7 = {
			isa = PBXGroup;
			children = (
				A7CA687B1A644D31008E65D7 /* This is It */,
				A7CA68911A644D31008E65D7 /* This is ItTests */,
				A7CA687A1A644D31008E65D7 /* Products */,
			);
			sourceTree = "<group>";
		};
		A7CA687A1A644D31008E65D7 /* Products */ = {
			isa = PBXGroup;
			children = (
				A7CA68791A644D31008E65D7 /* This is It.app */,
				A7CA688E1A644D31008E65D7 /* This is ItTests.xctest */,
			);
			name = Products;
			sourceTree = "<group>";
		};
		A7CA687B1A644D31008E65D7 /* This is It */ = {
			isa = PBXGroup;
			children = (
				A7CA687E1A644D31008E65D7 /* AppDelegate.swift */,
				A7CA68801A644D31008E65D7 /* ViewController.swift */,
				A7CA68821A644D31008E65D7 /* Main.storyboard */,
				A7CA68851A644D31008E65D7 /* Images.xcassets */,
				A7CA68871A644D31008E65D7 /* LaunchScreen.xib */,
				A7CA687C1A644D31008E65D7 /* Supporting Files */,
			);
			path = "This is It";
			sourceTree = "<group>";
		};
		A7CA687C1A644D31008E65D7 /* Supporting Files */ = {
			isa = PBXGroup;
			children = (
				A7CA68A01A644E0E008E65D7 /* The_Batman.jpg */,
				A7CA689E1A644E08008E65D7 /* 3031477-nealadamsbatman.jpg */,
				A7CA687D1A644D31008E65D7 /* Info.plist */,
			);
			name = "Supporting Files";
			sourceTree = "<group>";
		};
		A7CA68911A644D31008E65D7 /* This is ItTests */ = {
			isa = PBXGroup;
			children = (
				A7CA68941A644D31008E65D7 /* This_is_ItTests.swift */,
				A7CA68921A644D31008E65D7 /* Supporting Files */,
			);
			path = "This is ItTests";
			sourceTree = "<group>";
		};
		A7CA68921A644D31008E65D7 /* Supporting Files */ = {
			isa = PBXGroup;
			children = (
				A7CA68931A644D31008E65D7 /* Info.plist */,
			);
			name = "Supporting Files";
			sourceTree = "<group>";
		};
/* End PBXGroup section */

/* Begin PBXNativeTarget section */
		A7CA68781A644D31008E65D7 /* This is It */ = {
			isa = PBXNativeTarget;
			buildConfigurationList = A7CA68981A644D31008E65D7 /* Build configuration list for PBXNativeTarget "This is It" */;
			buildPhases = (
				A7CA68751A644D31008E65D7 /* Sources */,
				A7CA68761A644D31008E65D7 /* Frameworks */,
				A7CA68771A644D31008E65D7 /* Resources */,
			);
			buildRules = (
			);
			dependencies = (
			);
			name = "This is It";
			productName = "This is It";
			productReference = A7CA68791A644D31008E65D7 /* This is It.app */;
			productType = "com.apple.product-type.application";
		};
		A7CA688D1A644D31008E65D7 /* This is ItTests */ = {
			isa = PBXNativeTarget;
			buildConfigurationList = A7CA689B1A644D31008E65D7 /* Build configuration list for PBXNativeTarget "This is ItTests" */;
			buildPhases = (
				A7CA688A1A644D31008E65D7 /* Sources */,
				A7CA688B1A644D31008E65D7 /* Frameworks */,
				A7CA688C1A644D31008E65D7 /* Resources */,
			);
			buildRules = (
			);
			dependencies = (
				A7CA68901A644D31008E65D7 /* PBXTargetDependency */,
			);
			name = "This is ItTests";
			productName = "This is ItTests";
			productReference = A7CA688E1A644D31008E65D7 /* This is ItTests.xctest */;
			productType = "com.apple.product-type.bundle.unit-test";
		};
/* End PBXNativeTarget section */

/* Begin PBXProject section */
		A7CA68711A644D31008E65D7 /* Project object */ = {
			isa = PBXProject;
			attributes = {
				LastUpgradeCheck = 0610;
				ORGANIZATIONNAME = "Marcus Dunlap";
				TargetAttributes = {
					A7CA68781A644D31008E65D7 = {
						CreatedOnToolsVersion = 6.1.1;
					};
					A7CA688D1A644D31008E65D7 = {
						CreatedOnToolsVersion = 6.1.1;
						TestTargetID = A7CA68781A644D31008E65D7;
					};
				};
			};
			buildConfigurationList = A7CA68741A644D31008E65D7 /* Build configuration list for PBXProject "This is It" */;
			compatibilityVersion = "Xcode 3.2";
			developmentRegion = English;
			hasScannedForEncodings = 0;
			knownRegions = (
				en,
				Base,
			);
			mainGroup = A7CA68701A644D31008E65D7;
			productRefGroup = A7CA687A1A644D31008E65D7 /* Products */;
			projectDirPath = "";
			projectRoot = "";
			targets = (
				A7CA68781A644D31008E65D7 /* This is It */,
				A7CA688D1A644D31008E65D7 /* This is ItTests */,
			);
		};
/* End PBXProject section */

/* Begin PBXResourcesBuildPhase section */
		A7CA68771A644D31008E65D7 /* Resources */ = {
			isa = PBXResourcesBuildPhase;
			buildActionMask = 2147483647;
			files = (
				A7CA68841A644D31008E65D7 /* Main.storyboard in Resources */,
				A7CA689F1A644E08008E65D7 /* 3031477-nealadamsbatman.jpg in Resources */,
				A7CA68891A644D31008E65D7 /* LaunchScreen.xib in Resources */,
				A7CA68861A644D31008E65D7 /* Images.xcassets in Resources */,
				A7CA68A11A644E0E008E65D7 /* The_Batman.jpg in Resources */,
			);
			runOnlyForDeploymentPostprocessing = 0;
		};
		A7CA688C1A644D31008E65D7 /* Resources */ = {
			isa = PBXResourcesBuildPhase;
			buildActionMask = 2147483647;
			files = (
			);
			runOnlyForDeploymentPostprocessing = 0;
		};
/* End PBXResourcesBuildPhase section */

/* Begin PBXSourcesBuildPhase section */
		A7CA68751A644D31008E65D7 /* Sources */ = {
			isa = PBXSourcesBuildPhase;
			buildActionMask = 2147483647;
			files = (
				A7CA68811A644D31008E65D7 /* ViewController.swift in Sources */,
				A7CA687F1A644D31008E65D7 /* AppDelegate.swift in Sources */,
			);
			runOnlyForDeploymentPostprocessing = 0;
		};
		A7CA688A1A644D31008E65D7 /* Sources */ = {
			isa = PBXSourcesBuildPhase;
			buildActionMask = 2147483647;
			files = (
				A7CA68951A644D31008E65D7 /* This_is_ItTests.swift in Sources */,
			);
			runOnlyForDeploymentPostprocessing = 0;
		};
/* End PBXSourcesBuildPhase section */

/* Begin PBXTargetDependency section */
		A7CA68901A644D31008E65D7 /* PBXTargetDependency */ = {
			isa = PBXTargetDependency;
			target = A7CA68781A644D31008E65D7 /* This is It */;
			targetProxy = A7CA688F1A644D31008E65D7 /* PBXContainerItemProxy */;
		};
/* End PBXTargetDependency section */

/* Begin PBXVariantGroup section */
		A7CA68821A644D31008E65D7 /* Main.storyboard */ = {
			isa = PBXVariantGroup;
			children = (
				A7CA68831A644D31008E65D7 /* Base */,
			);
			name = Main.storyboard;
			sourceTree = "<group>";
		};
		A7CA68871A644D31008E65D7 /* LaunchScreen.xib */ = {
			isa = PBXVariantGroup;
			children = (
				A7CA68881A644D31008E65D7 /* Base */,
			);
			name = LaunchScreen.xib;
			sourceTree = "<group>";
		};
/* End PBXVariantGroup section */

/* Begin XCBuildConfiguration section */
		A7CA68961A644D31008E65D7 /* Debug */ = {
			isa = XCBuildConfiguration;
			buildSettings = {
				ALWAYS_SEARCH_USER_PATHS = NO;
				CLANG_CXX_LANGUAGE_STANDARD = "gnu++0x";
				CLANG_CXX_LIBRARY = "libc++";
				CLANG_ENABLE_MODULES = YES;
				CLANG_ENABLE_OBJC_ARC = YES;
				CLANG_WARN_BOOL_CONVERSION = YES;
				CLANG_WARN_CONSTANT_CONVERSION = YES;
				CLANG_WARN_DIRECT_OBJC_ISA_USAGE = YES_ERROR;
				CLANG_WARN_EMPTY_BODY = YES;
				CLANG_WARN_ENUM_CONVERSION = YES;
				CLANG_WARN_INT_CONVERSION = YES;
				CLANG_WARN_OBJC_ROOT_CLASS = YES_ERROR;
				CLANG_WARN_UNREACHABLE_CODE = YES;
				CLANG_WARN__DUPLICATE_METHOD_MATCH = YES;
				"CODE_SIGN_IDENTITY[sdk=iphoneos*]" = "iPhone Developer";
				COPY_PHASE_STRIP = NO;
				ENABLE_STRICT_OBJC_MSGSEND = YES;
				GCC_C_LANGUAGE_STANDARD = gnu99;
				GCC_DYNAMIC_NO_PIC = NO;
				GCC_OPTIMIZATION_LEVEL = 0;
				GCC_PREPROCESSOR_DEFINITIONS = (
					"DEBUG=1",
					"$(inherited)",
				);
				GCC_SYMBOLS_PRIVATE_EXTERN = NO;
				GCC_WARN_64_TO_32_BIT_CONVERSION = YES;
				GCC_WARN_ABOUT_RETURN_TYPE = YES_ERROR;
				GCC_WARN_UNDECLARED_SELECTOR = YES;
				GCC_WARN_UNINITIALIZED_AUTOS = YES_AGGRESSIVE;
				GCC_WARN_UNUSED_FUNCTION = YES;
				GCC_WARN_UNUSED_VARIABLE = YES;
				IPHONEOS_DEPLOYMENT_TARGET = 8.1;
				MTL_ENABLE_DEBUG_INFO = YES;
				ONLY_ACTIVE_ARCH = YES;
				SDKROOT = iphoneos;
				SWIFT_OPTIMIZATION_LEVEL = "-Onone";
				TARGETED_DEVICE_FAMILY = "1,2";
			};
			name = Debug;
		};
		A7CA68971A644D31008E65D7 /* Release */ = {
			isa = XCBuildConfiguration;
			buildSettings = {
				ALWAYS_SEARCH_USER_PATHS = NO;
				CLANG_CXX_LANGUAGE_STANDARD = "gnu++0x";
				CLANG_CXX_LIBRARY = "libc++";
				CLANG_ENABLE_MODULES = YES;
				CLANG_ENABLE_OBJC_ARC = YES;
				CLANG_WARN_BOOL_CONVERSION = YES;
				CLANG_WARN_CONSTANT_CONVERSION = YES;
				CLANG_WARN_DIRECT_OBJC_ISA_USAGE = YES_ERROR;
				CLANG_WARN_EMPTY_BODY = YES;
				CLANG_WARN_ENUM_CONVERSION = YES;
				CLANG_WARN_INT_CONVERSION = YES;
				CLANG_WARN_OBJC_ROOT_CLASS = YES_ERROR;
				CLANG_WARN_UNREACHABLE_CODE = YES;
				CLANG_WARN__DUPLICATE_METHOD_MATCH = YES;
				"CODE_SIGN_IDENTITY[sdk=iphoneos*]" = "iPhone Developer";
				COPY_PHASE_STRIP = YES;
				ENABLE_NS_ASSERTIONS = NO;
				ENABLE_STRICT_OBJC_MSGSEND = YES;
				GCC_C_LANGUAGE_STANDARD = gnu99;
				GCC_WARN_64_TO_32_BIT_CONVERSION = YES;
				GCC_WARN_ABOUT_RETURN_TYPE = YES_ERROR;
				GCC_WARN_UNDECLARED_SELECTOR = YES;
				GCC_WARN_UNINITIALIZED_AUTOS = YES_AGGRESSIVE;
				GCC_WARN_UNUSED_FUNCTION = YES;
				GCC_WARN_UNUSED_VARIABLE = YES;
				IPHONEOS_DEPLOYMENT_TARGET = 8.1;
				MTL_ENABLE_DEBUG_INFO = NO;
				SDKROOT = iphoneos;
				TARGETED_DEVICE_FAMILY = "1,2";
				VALIDATE_PRODUCT = YES;
			};
			name = Release;
		};
		A7CA68991A644D31008E65D7 /* Debug */ = {
			isa = XCBuildConfiguration;
			buildSettings = {
				ASSETCATALOG_COMPILER_APPICON_NAME = AppIcon;
				INFOPLIST_FILE = "This is It/Info.plist";
				LD_RUNPATH_SEARCH_PATHS = "$(inherited) @executable_path/Frameworks";
				PRODUCT_NAME = "$(TARGET_NAME)";
			};
			name = Debug;
		};
		A7CA689A1A644D31008E65D7 /* Release */ = {
			isa = XCBuildConfiguration;
			buildSettings = {
				ASSETCATALOG_COMPILER_APPICON_NAME = AppIcon;
				INFOPLIST_FILE = "This is It/Info.plist";
				LD_RUNPATH_SEARCH_PATHS = "$(inherited) @executable_path/Frameworks";
				PRODUCT_NAME = "$(TARGET_NAME)";
			};
			name = Release;
		};
		A7CA689C1A644D31008E65D7 /* Debug */ = {
			isa = XCBuildConfiguration;
			buildSettings = {
				BUNDLE_LOADER = "$(TEST_HOST)";
				FRAMEWORK_SEARCH_PATHS = (
					"$(SDKROOT)/Developer/Library/Frameworks",
					"$(inherited)",
				);
				GCC_PREPROCESSOR_DEFINITIONS = (
					"DEBUG=1",
					"$(inherited)",
				);
				INFOPLIST_FILE = "This is ItTests/Info.plist";
				LD_RUNPATH_SEARCH_PATHS = "$(inherited) @executable_path/Frameworks @loader_path/Frameworks";
				PRODUCT_NAME = "$(TARGET_NAME)";
				TEST_HOST = "$(BUILT_PRODUCTS_DIR)/This is It.app/This is It";
			};
			name = Debug;
		};
		A7CA689D1A644D31008E65D7 /* Release */ = {
			isa = XCBuildConfiguration;
			buildSettings = {
				BUNDLE_LOADER = "$(TEST_HOST)";
				FRAMEWORK_SEARCH_PATHS = (
					"$(SDKROOT)/Developer/Library/Frameworks",
					"$(inherited)",
				);
				INFOPLIST_FILE = "This is ItTests/Info.plist";
				LD_RUNPATH_SEARCH_PATHS = "$(inherited) @executable_path/Frameworks @loader_path/Frameworks";
				PRODUCT_NAME = "$(TARGET_NAME)";
				TEST_HOST = "$(BUILT_PRODUCTS_DIR)/This is It.app/This is It";
			};
			name = Release;
		};
/* End XCBuildConfiguration section */

/* Begin XCConfigurationList section */
		A7CA68741A644D31008E65D7 /* Build configuration list for PBXProject "This is It" */ = {
			isa = XCConfigurationList;
			buildConfigurations = (
				A7CA68961A644D31008E65D7 /* Debug */,
				A7CA68971A644D31008E65D7 /* Release */,
			);
			defaultConfigurationIsVisible = 0;
			defaultConfigurationName = Release;
		};
		A7CA68981A644D31008E65D7 /* Build configuration list for PBXNativeTarget "This is It" */ = {
			isa = XCConfigurationList;
			buildConfigurations = (
				A7CA68991A644D31008E65D7 /* Debug */,
				A7CA689A1A644D31008E65D7 /* Release */,
			);
			defaultConfigurationIsVisible = 0;
		};
		A7CA689B1A644D31008E65D7 /* Build configuration list for PBXNativeTarget "This is ItTests" */ = {
			isa = XCConfigurationList;
			buildConfigurations = (
				A7CA689C1A644D31008E65D7 /* Debug */,
				A7CA689D1A644D31008E65D7 /* Release */,
			);
			defaultConfigurationIsVisible = 0;
		};
/* End XCConfigurationList section */
	};
	rootObject = A7CA68711A644D31008E65D7 /* Project object */;
}
